# THIS IS AN AUTOGENERATED FILE. DO NOT EDIT THIS FILE DIRECTLY.
# yarn lockfile v1


"@headlessui/react@^1.7.14":
  version "1.7.14"
  resolved "https://registry.yarnpkg.com/@headlessui/react/-/react-1.7.14.tgz#75f19552c535113640fe8a3a40e71474f49e89c9"
  integrity sha512-znzdq9PG8rkwcu9oQ2FwIy0ZFtP9Z7ycS+BAqJ3R5EIqC/0bJGvhT7193rFf+45i9nnPsYvCQVW4V/bB9Xc+gA==
  dependencies:
    client-only "^0.0.1"

client-only@^0.0.1:
  version "0.0.1"
  resolved "https://registry.yarnpkg.com/client-only/-/client-only-0.0.1.tgz#38bba5d403c41ab150bff64a95c85013cf73bca1"
  integrity sha512-IV3Ou0jSMzZrd3pZ48nLkT9DA7Ag1pnPzaiQhpW7c3RbcqqzvzzVu+L8gfqMp/8IM2MQtSiqaCxrrcfu8I8rMA==
